
Microsoft Visual Studio Solution File, Format Version 12.00
# Visual Studio Version 16
VisualStudioVersion = 16.0.31613.86
MinimumVisualStudioVersion = 10.0.40219.1
Project("{FAE04EC0-301F-11D3-BF4B-00C04F79EFBC}") = "WebApplication2", "WebApplication2\WebApplication2.csproj", "{10306633-D6DB-4D2D-B0A9-9A0F373729D6}"
EndProject
Global
	GlobalSection(SolutionConfigurationPlatforms) = preSolution
		Debug|Any CPU = Debug|Any CPU
		Release|Any CPU = Release|Any CPU
	EndGlobalSection
	GlobalSection(ProjectConfigurationPlatforms) = postSolution
		{10306633-D6DB-4D2D-B0A9-9A0F373729D6}.Debug|Any CPU.ActiveCfg = Debug|Any CPU
		{10306633-D6DB-4D2D-B0A9-9A0F373729D6}.Debug|Any CPU.Build.0 = Debug|Any CPU
		{10306633-D6DB-4D2D-B0A9-9A0F373729D6}.Release|Any CPU.ActiveCfg = Release|Any CPU
		{10306633-D6DB-4D2D-B0A9-9A0F373729D6}.Release|Any CPU.Build.0 = Release|Any CPU
	EndGlobalSection
	GlobalSection(SolutionProperties) = preSolution
		HideSolutionNode = FALSE
	EndGlobalSection
	GlobalSection(ExtensibilityGlobals) = postSolution
		SolutionGuid = {38CA4DC7-3FF9-4BFC-89A2-068C40DB3CFA}
	EndGlobalSection
EndGlobal
